{
  "name": "test",
  "lockfileVersion": 3,
  "requires": true,
  "packages": {
    "": {
      "dependencies": {
        "docx": "^9.7.0"
      }
    },
    "node_modules/@types/node": {
      "version": "24.9.0",
      "resolved": "https://registry.npmjs.org/@types/node/-/node-24.9.0.tgz",
      "integrity": "sha512-vxMfNOk8woAG28zp4p7n1+2JDBNTn2n8r4MQsqyClJChmuvaw7Mdj6PHFeVpFNgK8KXqLrY49D4cWumWBDD81g==",
      "license": "MIT",
      "dependencies": {
        "undici-types": "~7.15.0"
      }
    },
    "node_modules/core-util-is": {
      "version": "1.0.3",
      "resolved": "https://registry.npmjs.org/core-util-is/-/core-util-is-1.0.3.tgz",
      "integrity": "sha512-ZQBvi1DcpJ4GDqanjucZ2Hj3wEO5pZDS89BWbkcrvdxksJorwUDDZamX9ldFkp9aw2lmBDLgkObEA4DWNJ9FYQ==",
      "license": "MIT"
    },
    "node_modules/docx": {
      "version": "9.7.0",
      "resolved": "https://registry.npmjs.org/docx/-/docx-9.7.0.tgz",
      "integrity": "sha512-j8xYsTlGqR06J1TPm38IsC4DcTA1i6Iz2g8zQxDVFt7CUROqL7aFJxjhIVCpgOSfFWszJNhOmJAuBYm/IoqzOA==",
      "license": "MIT",
      "dependencies": {
        "@types/node": "^24.2.0",
        "hash.js": "^1.1.7",
        "jszip": "^3.10.1",
        "nanoid": "^5.1.3",
        "xml": "^1.0.1",
        "xml-js": "^1.6.11"
      },
      "engines": {
        "node": ">=18"
      }
    },
    "node_modules/hash.js": {
      "version": "1.1.7",
      "resolved": "https://registry.npmjs.org/hash.js/-/hash.js-1.1.7.tgz",
      "integrity": "sha512-taOaskGt4z4SOANNseOviYDvjEJinIkRgmp7LbKP2YTTmVxWBl87s/uzK9r+44BclBSp2X7Kkyhgf62s20dgEQ==",
      "license": "MIT",
      "dependencies": {
        "inherits": "^2.0.3",
        "minimalistic-assert": "^1.0.1"
      }
    },
    "node_modules/immediate": {
      "version": "3.0.6",
      "resolved": "https://registry.npmjs.org/immediate/-/immediate-3.0.6.tgz",
      "integrity": "sha512-XXOFtyqDjNDAQxVfYxuF7g9Il/IbWmmlQg2MYKOH8ExIT1qg6xc4zyS3HaEEATgs1btfzxq15ciUiY7gjSXRGQ==",
      "license": "MIT"
    },
    "node_modules/inherits": {
      "version": "2.0.4",
      "resolved": "https://registry.npmjs.org/inherits/-/inherits-2.0.4.tgz",
      "integrity": "sha512-k/vGaX4/Yla3WzyMCvTQOXYeIHvqOKtnqBduzTHpzpQZzAskKMhZ2K+U2Vl2csVVqA5dNG/u0nF3J7HCc8WDwg==",
      "license": "ISC"
    },
    "node_modules/isarray": {
      "version": "1.0.0",
      "resolved": "https://registry.npmjs.org/isarray/-/isarray-1.0.0.tgz",
      "integrity": "sha512-VLghIWNM34EL1eVO47nGc68ObjekMO6Ag2s09FSZO++tQOM6x2OSfoB1nQ4gYIs+Zqyvje3DU1/WKAP1ao+5GA==",
      "license": "MIT"
    },
    "node_modules/jszip": {
      "version": "3.10.1",
      "resolved": "https://registry.npmjs.org/jszip/-/jszip-3.10.1.tgz",
      "integrity": "sha512-xXDvecyTpGLrqFrvkrUSoxxfJI5AHNZMBAzA+LpZSn3jD4xGMBrDHnWQBd+TZ2JAeT0kmuM0EgHoN1UsxYQbwQ==",
      "license": "(MIT OR GPL-3.0-or-later)",
      "dependencies": {
        "lie": "~3.3.0",
        "pako": "~1.0.2",
        "readable-stream": "~2.3.6",
        "setimmediate": "^1.0.5"
      }
    },
    "node_modules/lie": {
      "version": "3.3.0",
      "resolved": "https://registry.npmjs.org/lie/-/lie-3.3.0.tgz",
      "integrity": "sha512-UaiMJzeWRlE3zvu7HlnldOPE3L2WyMEXi/Cwoi5Un82nfs3KeZ9xQoaFPNPxNPiKizhE/4xq0ZwRlCm2ukm2hg==",
      "license": "MIT",
      "dependencies": {
        "immediate": "~3.0.5"
      }
    },
    "node_modules/minimalistic-assert": {
      "version": "1.0.1",
      "resolved": "https://registry.npmjs.org/minimalistic-assert/-/minimalistic-assert-1.0.1.tgz",
      "integrity": "sha512-UtJcAD4yEaGtjPezWuO9YKTnQ6hUiNnP0cy1oJqRg7P8YhHo8iPKUG+qRCBGJ4iAcC11+vDljM3/WGBsDxClg==",
      "license": "ISC"
    },
    "node_modules/nanoid": {
      "version": "5.1.5",
      "resolved": "https://registry.npmjs.org/nanoid/-/nanoid-5.1.5.tgz",
      "integrity": "sha512-IvOyO1s3SqhaA/gcDQE2Q4qcihv38SC+Ti64c/C62rNAVnJYb3/gPjrFbFtEoKRzfuXvaCYxRLEyCVNRoywK7Q==",
      "license": "MIT",
      "bin": {
        "nanoid": "bin/nanoid.js"
      },
      "engines": {
        "node": "^18 || >=20"
      }
    },
    "node_modules/pako": {
      "version": "1.0.11",
      "resolved": "https://registry.npmjs.org/pako/-/pako-1.0.11.tgz",
      "integrity": "sha512-4hLB8Py4zZce5s4yd9XzopqwVv/yGNhV1Bl8NTmCq3+3Q2UT33B1jQdYgLQm/JZ2eYFOTXAt+dnRWB6YscJfg==",
      "license": "(MIT AND Zlib)"
    },
    "node_modules/process-nextick-args": {
      "version": "2.0.1",
      "resolved": "https://registry.npmjs.org/process-nextick-args/-/process-nextick-args-2.0.1.tgz",
      "integrity": "sha512-3ouUOpQhtgrbOa17J7+uxOTpITYWaGP7/AhoR3+A+/1e9skrzelGi/dXzEYyvbxubEF6Wn2ypscTKiKJFFn1ag==",
      "license": "MIT"
    },
    "node_modules/readable-stream": {
      "version": "2.3.8",
      "resolved": "https://registry.npmjs.org/readable-stream/-/readable-stream-2.3.8.tgz",
      "integrity": "sha512-8p0AUk4XODgIewSi0l8EpQ5VwvDaS7PmuRqGdxBZ5C4GRa3M5w4aBm3A+2rgZK+DhQRyBGCoZnRa4FzF8B+Q==",
      "license": "MIT",
      "dependencies": {
        "core-util-is": "~1.0.0",
        "inherits": "~2.0.3",
        "isarray": "~1.0.0",
        "process-nextick-args": "~2.0.0",
        "safe-buffer": "~5.1.1",
        "string_decoder": "~1.1.1",
        "util-deprecate": "~1.0.1"
      }
    },
    "node_modules/safe-buffer": {
      "version": "5.1.2",
      "resolved": "https://registry.npmjs.org/safe-buffer/-/safe-buffer-5.1.2.tgz",
      "integrity": "sha512-Gd2UZBJDkXlY7GbJxfsE8/nvKkUEU1G38c1siN6QP6a9PT9MmHB8GnpscClMJxtFbqL8cH2rX4EbY0FzH4Yw==",
      "license": "MIT"
    },
    "node_modules/sax": {
      "version": "1.4.1",
      "resolved": "https://registry.npmjs.org/sax/-/sax-1.4.1.tgz",
      "integrity": "sha512-+aWOz7yVScE2GoKHfJ6s9wQ1J2DzBFdXKQ++WeQOLpsq/aNFmYbVHQhJ6D/rxBsBvR3P3uXjJrK5oAgqN6PEg==",
      "license": "ISC"
    },
    "node_modules/setimmediate": {
      "version": "1.0.5",
      "resolved": "https://registry.npmjs.org/setimmediate/-/setimmediate-1.0.5.tgz",
      "integrity": "sha512-MATJdZp8sLqDl/68LfQmbP8zKPLQNV6BIZoIgrsc3zQ3pOn4fL0o1iBgA/o2rhTXh0HcVEQ+Cs9G0VlR6/kA==",
      "license": "MIT"
    },
    "node_modules/string_decoder": {
      "version": "1.1.1",
      "resolved": "https://registry.npmjs.org/string_decoder/-/string_decoder-1.1.1.tgz",
      "integrity": "sha512-n/ShnvDi6FHbbVfviro+WojiFzv+s8MPMHBczXm488SnJZhrGnDzv6UYPHH/hfRJVh+LbEgHHoUz4viQQ6L3w==",
      "license": "MIT",
      "dependencies": {
        "safe-buffer": "~5.1.0"
      }
    },
    "node_modules/undici-types": {
      "version": "7.15.0",
      "resolved": "https://registry.npmjs.org/undici-types/-/undici-types-7.15.0.tgz",
      "integrity": "sha512-TNJpoHO2mCbnKfRZtv4X1FURVTA0J5XRhfqH0xkp7C4Avt8Z6s2hQBGiUbnOAslOqjAVFc4bZ7X8FQYjiAmWQ==",
      "license": "MIT"
    },
    "node_modules/util-deprecate": {
      "version": "1.0.2",
      "resolved": "https://registry.npmjs.org/util-deprecate/-/util-deprecate-1.0.2.tgz",
      "integrity": "sha512-EPD5q1uXyFxJpCrLnCc1nHnq3gOa6DZBocAIiI2TaSCA7VCJ1UJDMagCvIkQnQGKGSBrl4w1lBDbYj/nxBAaA==",
      "license": "MIT"
    },
    "node_modules/xml": {
      "version": "1.0.1",
      "resolved": "https://registry.npmjs.org/xml/-/xml-1.0.1.tgz",
      "integrity": "sha512-huCv9IH9Tcf95zuTI3LQ0m0I4cA0YjL3A0oPW1g7MNBNaE1waWvAcMuFobDfn0KXeLj+Y9TA2+zXX5E9aGRIQ==",
      "license": "MIT"
    },
    "node_modules/xml-js": {
      "version": "1.6.11",
      "resolved": "https://registry.npmjs.org/xml-js/-/xml-js-1.6.11.tgz",
      "integrity": "sha512-7rVi2KMfwfWFl+GpPg6m80IVMWXLRjO+PxTq7V2CDhoGakweOB6vzRkBHqpEDxwjMNqnY3Oa/l4syRUFQ3kUQ==",
      "license": "MIT",
      "dependencies": {
        "sax": "^1.2.4"
      },
      "bin": {
        "xml-js": "bin/cli.js"
      }
    }
  }
}
